
Microsoft Visual Studio Solution File, Format Version 12.00
# Visual Studio Version 17
VisualStudioVersion = 17.8.34330.188
MinimumVisualStudioVersion = 10.0.40219.1
Project("{9A19103F-16F7-4668-BE54-9A1E7A4F7556}") = "WebAPI", "WebAPI.csproj", "{66EE3403-8604-47B5-815B-AF780CFA3E56}"
EndProject
Project("{FAE04EC0-301F-11D3-BF4B-00C04F79EFBC}") = "Muzsi_Henrietta_Lab11", "..\Muzsi_Henrietta_Lab11\Muzsi_Henrietta_Lab11.csproj", "{6C694100-09E2-495B-B79C-5E5F5D6EE2AF}"
EndProject
Global
	GlobalSection(SolutionConfigurationPlatforms) = preSolution
		Debug|Any CPU = Debug|Any CPU
		Release|Any CPU = Release|Any CPU
	EndGlobalSection
	GlobalSection(ProjectConfigurationPlatforms) = postSolution
		{66EE3403-8604-47B5-815B-AF780CFA3E56}.Debug|Any CPU.ActiveCfg = Debug|Any CPU
		{66EE3403-8604-47B5-815B-AF780CFA3E56}.Debug|Any CPU.Build.0 = Debug|Any CPU
		{66EE3403-8604-47B5-815B-AF780CFA3E56}.Release|Any CPU.ActiveCfg = Release|Any CPU
		{66EE3403-8604-47B5-815B-AF780CFA3E56}.Release|Any CPU.Build.0 = Release|Any CPU
		{6C694100-09E2-495B-B79C-5E5F5D6EE2AF}.Debug|Any CPU.ActiveCfg = Debug|Any CPU
		{6C694100-09E2-495B-B79C-5E5F5D6EE2AF}.Debug|Any CPU.Build.0 = Debug|Any CPU
		{6C694100-09E2-495B-B79C-5E5F5D6EE2AF}.Debug|Any CPU.Deploy.0 = Debug|Any CPU
		{6C694100-09E2-495B-B79C-5E5F5D6EE2AF}.Release|Any CPU.ActiveCfg = Release|Any CPU
		{6C694100-09E2-495B-B79C-5E5F5D6EE2AF}.Release|Any CPU.Build.0 = Release|Any CPU
		{6C694100-09E2-495B-B79C-5E5F5D6EE2AF}.Release|Any CPU.Deploy.0 = Release|Any CPU
	EndGlobalSection
	GlobalSection(SolutionProperties) = preSolution
		HideSolutionNode = FALSE
	EndGlobalSection
	GlobalSection(ExtensibilityGlobals) = postSolution
		SolutionGuid = {6E8808C6-CE38-46F3-82C6-46103258FCE4}
	EndGlobalSection
EndGlobal
